
Microsoft Visual Studio Solution File, Format Version 10.00
# Visual Studio 2008
Project("{FAE04EC0-301F-11D3-BF4B-00C04F79EFBC}") = "tf2stats", "tf2stats\tf2stats.csproj", "{2714C826-9FEA-4C76-87EC-111448E2979E}"
EndProject
Global
	GlobalSection(SubversionScc) = preSolution
		Svn-Managed = True
		Manager = AnkhSVN - Subversion Support for Visual Studio
	EndGlobalSection
	GlobalSection(SolutionConfigurationPlatforms) = preSolution
		Debug|Any CPU = Debug|Any CPU
		Release|Any CPU = Release|Any CPU
	EndGlobalSection
	GlobalSection(ProjectConfigurationPlatforms) = postSolution
		{2714C826-9FEA-4C76-87EC-111448E2979E}.Debug|Any CPU.ActiveCfg = Debug|Any CPU
		{2714C826-9FEA-4C76-87EC-111448E2979E}.Debug|Any CPU.Build.0 = Debug|Any CPU
		{2714C826-9FEA-4C76-87EC-111448E2979E}.Release|Any CPU.ActiveCfg = Release|Any CPU
		{2714C826-9FEA-4C76-87EC-111448E2979E}.Release|Any CPU.Build.0 = Release|Any CPU
	EndGlobalSection
	GlobalSection(SolutionProperties) = preSolution
		HideSolutionNode = FALSE
	EndGlobalSection
EndGlobal
